// !$*UTF8*$!
{
	archiveVersion = 1;
	classes = {
	};
	objectVersion = 56;
	objects = {

/* Begin PBXBuildFile section */
		2D05B0242BAB106300BFE868 /* CollectionHeaderReusableView.swift in Sources */ = {isa = PBXBuildFile; fileRef = 2D05B0232BAB106300BFE868 /* CollectionHeaderReusableView.swift */; };
		2D0ED7102BA9E6FE00DFF4DC /* PromotedArticleCollectionViewCell.swift in Sources */ = {isa = PBXBuildFile; fileRef = 2D0ED70F2BA9E6FD00DFF4DC /* PromotedArticleCollectionViewCell.swift */; };
		2D0ED7122BA9E70B00DFF4DC /* CategoryTagCollectionViewCell.swift in Sources */ = {isa = PBXBuildFile; fileRef = 2D0ED7112BA9E70B00DFF4DC /* CategoryTagCollectionViewCell.swift */; };
		2D0ED7142BA9E71300DFF4DC /* StandardArticleCollectionViewCell.swift in Sources */ = {isa = PBXBuildFile; fileRef = 2D0ED7132BA9E71200DFF4DC /* StandardArticleCollectionViewCell.swift */; };
		2D2660612BB1DE9900D3F26D /* CollectionItem.swift in Sources */ = {isa = PBXBuildFile; fileRef = 2D2660602BB1DE9900D3F26D /* CollectionItem.swift */; };
		2D3EE9512BB2CF4200477F8B /* UserDefaults+Extensions.swift in Sources */ = {isa = PBXBuildFile; fileRef = 2D3EE9502BB2CF4200477F8B /* UserDefaults+Extensions.swift */; };
		2D3EE9532BB30AF800477F8B /* RecommendedArticlesViewController.swift in Sources */ = {isa = PBXBuildFile; fileRef = 2D3EE9522BB30AF800477F8B /* RecommendedArticlesViewController.swift */; };
		2D6DD59E2BB176C200F2E33B /* OnboardingViewController.swift in Sources */ = {isa = PBXBuildFile; fileRef = 2D6DD59D2BB176C200F2E33B /* OnboardingViewController.swift */; };
		2D6DD5A02BB1770900F2E33B /* OnboardingCollectionViewCell.swift in Sources */ = {isa = PBXBuildFile; fileRef = 2D6DD59F2BB1770900F2E33B /* OnboardingCollectionViewCell.swift */; };
		2D6DD5A22BB1772B00F2E33B /* OnboardingModel.swift in Sources */ = {isa = PBXBuildFile; fileRef = 2D6DD5A12BB1772B00F2E33B /* OnboardingModel.swift */; };
		2D6DD5A72BB177CC00F2E33B /* CustomButtonBlue.swift in Sources */ = {isa = PBXBuildFile; fileRef = 2D6DD5A52BB177CC00F2E33B /* CustomButtonBlue.swift */; };
		2D6DD5A82BB177CC00F2E33B /* CustomOnboardingLabel.swift in Sources */ = {isa = PBXBuildFile; fileRef = 2D6DD5A62BB177CC00F2E33B /* CustomOnboardingLabel.swift */; };
		2D6DD5AA2BB178B200F2E33B /* OnboardingView.swift in Sources */ = {isa = PBXBuildFile; fileRef = 2D6DD5A92BB178B200F2E33B /* OnboardingView.swift */; };
		2D6DD5AD2BB179B200F2E33B /* UIFond+Extensions.swift in Sources */ = {isa = PBXBuildFile; fileRef = 2D6DD5AB2BB179B200F2E33B /* UIFond+Extensions.swift */; };
		2D6DD5AE2BB179B200F2E33B /* UIColor+Extensions.swift in Sources */ = {isa = PBXBuildFile; fileRef = 2D6DD5AC2BB179B200F2E33B /* UIColor+Extensions.swift */; };
		2D6DD5B02BB17E9F00F2E33B /* CategoryGridCollectionViewCell.swift in Sources */ = {isa = PBXBuildFile; fileRef = 2D6DD5AF2BB17E9F00F2E33B /* CategoryGridCollectionViewCell.swift */; };
		2DA7FFC32BA8691B00B21A03 /* AppDelegate.swift in Sources */ = {isa = PBXBuildFile; fileRef = 2DA7FFC22BA8691B00B21A03 /* AppDelegate.swift */; };
		2DA7FFC52BA8691B00B21A03 /* SceneDelegate.swift in Sources */ = {isa = PBXBuildFile; fileRef = 2DA7FFC42BA8691B00B21A03 /* SceneDelegate.swift */; };
		2DA7FFCC2BA8691D00B21A03 /* Assets.xcassets in Resources */ = {isa = PBXBuildFile; fileRef = 2DA7FFCB2BA8691D00B21A03 /* Assets.xcassets */; };
		2DA7FFCF2BA8691D00B21A03 /* LaunchScreen.storyboard in Resources */ = {isa = PBXBuildFile; fileRef = 2DA7FFCD2BA8691D00B21A03 /* LaunchScreen.storyboard */; };
		2DA7FFD72BA8765600B21A03 /* Adamina-Regular-400.ttf in Resources */ = {isa = PBXBuildFile; fileRef = 2DA7FFD62BA8765500B21A03 /* Adamina-Regular-400.ttf */; };
		2DA7FFD92BA8767500B21A03 /* Inter-Regular-400.ttf in Resources */ = {isa = PBXBuildFile; fileRef = 2DA7FFD82BA8767500B21A03 /* Inter-Regular-400.ttf */; };
		2DA7FFDB2BA876A000B21A03 /* Inter-SemiBold-600.ttf in Resources */ = {isa = PBXBuildFile; fileRef = 2DA7FFDA2BA8769F00B21A03 /* Inter-SemiBold-600.ttf */; };
		2DA7FFDD2BA876AB00B21A03 /* Inter-Bold-700.ttf in Resources */ = {isa = PBXBuildFile; fileRef = 2DA7FFDC2BA876AB00B21A03 /* Inter-Bold-700.ttf */; };
		2DA7FFE02BA8870E00B21A03 /* NTDTabBarController.swift in Sources */ = {isa = PBXBuildFile; fileRef = 2DA7FFDF2BA8870E00B21A03 /* NTDTabBarController.swift */; };
		2DDDA6432BADA24500357F44 /* NTDSearchView.swift in Sources */ = {isa = PBXBuildFile; fileRef = 2DDDA6422BADA24500357F44 /* NTDSearchView.swift */; };
		53499B392BADA1CF00836203 /* Terms&Conditions.swift in Sources */ = {isa = PBXBuildFile; fileRef = 53499B382BADA1CF00836203 /* Terms&Conditions.swift */; };
		53499B3B2BADA25100836203 /* TermsConditionsController.swift in Sources */ = {isa = PBXBuildFile; fileRef = 53499B3A2BADA25100836203 /* TermsConditionsController.swift */; };
		53499B402BADBAED00836203 /* LanguageViewController.swift in Sources */ = {isa = PBXBuildFile; fileRef = 53499B3F2BADBAED00836203 /* LanguageViewController.swift */; };
		53E0E7362BB440FA00CE3E33 /* SignInViewController.swift in Sources */ = {isa = PBXBuildFile; fileRef = 53E0E7352BB440FA00CE3E33 /* SignInViewController.swift */; };
		53E0E7382BB4411600CE3E33 /* SignUpViewController.swift in Sources */ = {isa = PBXBuildFile; fileRef = 53E0E7372BB4411600CE3E33 /* SignUpViewController.swift */; };
		83253AF02BB1F9E000B43DC0 /* CoreDataManager.swift in Sources */ = {isa = PBXBuildFile; fileRef = 83253AEF2BB1F9E000B43DC0 /* CoreDataManager.swift */; };
		83253AF32BB2003800B43DC0 /* NTDEmptyStateView.swift in Sources */ = {isa = PBXBuildFile; fileRef = 83253AF22BB2003800B43DC0 /* NTDEmptyStateView.swift */; };
		838EC8302BAC6FEC004EBC4C /* BaseView.swift in Sources */ = {isa = PBXBuildFile; fileRef = 838EC82F2BAC6FEC004EBC4C /* BaseView.swift */; };
		838EC8332BAC6FF9004EBC4C /* NewsHeaderImageView.swift in Sources */ = {isa = PBXBuildFile; fileRef = 838EC8322BAC6FF9004EBC4C /* NewsHeaderImageView.swift */; };
		838EC8362BAC7004004EBC4C /* PaddingLabel.swift in Sources */ = {isa = PBXBuildFile; fileRef = 838EC8352BAC7004004EBC4C /* PaddingLabel.swift */; };
		838EC8382BAC703E004EBC4C /* NetworkManager.swift in Sources */ = {isa = PBXBuildFile; fileRef = 838EC8372BAC703E004EBC4C /* NetworkManager.swift */; };
		838EC83D2BAC716C004EBC4C /* NewsHeaderTextView.swift in Sources */ = {isa = PBXBuildFile; fileRef = 838EC83C2BAC716C004EBC4C /* NewsHeaderTextView.swift */; };
		838EC8402BACB9D8004EBC4C /* UIView+Ext.swift in Sources */ = {isa = PBXBuildFile; fileRef = 838EC83F2BACB9D8004EBC4C /* UIView+Ext.swift */; };
		838EC8422BACC078004EBC4C /* NTDLabel.swift in Sources */ = {isa = PBXBuildFile; fileRef = 838EC8412BACC078004EBC4C /* NTDLabel.swift */; };
		838EC8462BAEC1C6004EBC4C /* ImageLoader.swift in Sources */ = {isa = PBXBuildFile; fileRef = 838EC8452BAEC1C6004EBC4C /* ImageLoader.swift */; };
		838EC8482BAEC1E4004EBC4C /* ImageCache.swift in Sources */ = {isa = PBXBuildFile; fileRef = 838EC8472BAEC1E4004EBC4C /* ImageCache.swift */; };
		838EC84A2BAEC233004EBC4C /* UIImage + ext.swift in Sources */ = {isa = PBXBuildFile; fileRef = 838EC8492BAEC233004EBC4C /* UIImage + ext.swift */; };
		838EC84C2BAED535004EBC4C /* UISearchBar + ext.swift in Sources */ = {isa = PBXBuildFile; fileRef = 838EC84B2BAED535004EBC4C /* UISearchBar + ext.swift */; };
		838EC84E2BAF1BE9004EBC4C /* UIColor+Ext.swift in Sources */ = {isa = PBXBuildFile; fileRef = 838EC84D2BAF1BE9004EBC4C /* UIColor+Ext.swift */; };
		838EC8542BAF3E7A004EBC4C /* NewsViewController.swift in Sources */ = {isa = PBXBuildFile; fileRef = 838EC8532BAF3E7A004EBC4C /* NewsViewController.swift */; };
		83E5FAA62BA8B8D5003D99ED /* Constants.swift in Sources */ = {isa = PBXBuildFile; fileRef = 83E5FAA52BA8B8D5003D99ED /* Constants.swift */; };
		83E5FAA92BA8BBBE003D99ED /* HomeViewController.swift in Sources */ = {isa = PBXBuildFile; fileRef = 83E5FAA82BA8BBBE003D99ED /* HomeViewController.swift */; };
		83E5FAAB2BA8BBD6003D99ED /* CategoriesViewController.swift in Sources */ = {isa = PBXBuildFile; fileRef = 83E5FAAA2BA8BBD6003D99ED /* CategoriesViewController.swift */; };
		83E5FAAD2BA8BC17003D99ED /* BookmarksViewController.swift in Sources */ = {isa = PBXBuildFile; fileRef = 83E5FAAC2BA8BC17003D99ED /* BookmarksViewController.swift */; };
		83E5FAAF2BA8BC3C003D99ED /* ProfileViewController.swift in Sources */ = {isa = PBXBuildFile; fileRef = 83E5FAAE2BA8BC3C003D99ED /* ProfileViewController.swift */; };
		83E5FAB22BA8BD25003D99ED /* BaseController.swift in Sources */ = {isa = PBXBuildFile; fileRef = 83E5FAB12BA8BD25003D99ED /* BaseController.swift */; };
		83E5FABE2BAA0F52003D99ED /* News.swift in Sources */ = {isa = PBXBuildFile; fileRef = 83E5FABD2BAA0F52003D99ED /* News.swift */; };
		83E5FAC12BAA0FA0003D99ED /* Category.swift in Sources */ = {isa = PBXBuildFile; fileRef = 83E5FAC02BAA0FA0003D99ED /* Category.swift */; };
		83E5FAC32BAA0FA7003D99ED /* Country.swift in Sources */ = {isa = PBXBuildFile; fileRef = 83E5FAC22BAA0FA7003D99ED /* Country.swift */; };
		83E5FAC82BAA10DD003D99ED /* Endpoint.swift in Sources */ = {isa = PBXBuildFile; fileRef = 83E5FAC72BAA10DD003D99ED /* Endpoint.swift */; };
		A05DB9792BB30DEA00C98209 /* FirstLaunghStorage.swift in Sources */ = {isa = PBXBuildFile; fileRef = A05DB9782BB30DEA00C98209 /* FirstLaunghStorage.swift */; };
/* End PBXBuildFile section */

/* Begin PBXFileReference section */
		2D05B0232BAB106300BFE868 /* CollectionHeaderReusableView.swift */ = {isa = PBXFileReference; lastKnownFileType = sourcecode.swift; path = CollectionHeaderReusableView.swift; sourceTree = "<group>"; };
		2D0ED70F2BA9E6FD00DFF4DC /* PromotedArticleCollectionViewCell.swift */ = {isa = PBXFileReference; fileEncoding = 4; lastKnownFileType = sourcecode.swift; path = PromotedArticleCollectionViewCell.swift; sourceTree = "<group>"; };
		2D0ED7112BA9E70B00DFF4DC /* CategoryTagCollectionViewCell.swift */ = {isa = PBXFileReference; fileEncoding = 4; lastKnownFileType = sourcecode.swift; path = CategoryTagCollectionViewCell.swift; sourceTree = "<group>"; };
		2D0ED7132BA9E71200DFF4DC /* StandardArticleCollectionViewCell.swift */ = {isa = PBXFileReference; fileEncoding = 4; lastKnownFileType = sourcecode.swift; path = StandardArticleCollectionViewCell.swift; sourceTree = "<group>"; };
		2D2660602BB1DE9900D3F26D /* CollectionItem.swift */ = {isa = PBXFileReference; lastKnownFileType = sourcecode.swift; path = CollectionItem.swift; sourceTree = "<group>"; };
		2D3EE9502BB2CF4200477F8B /* UserDefaults+Extensions.swift */ = {isa = PBXFileReference; lastKnownFileType = sourcecode.swift; path = "UserDefaults+Extensions.swift"; sourceTree = "<group>"; };
		2D3EE9522BB30AF800477F8B /* RecommendedArticlesViewController.swift */ = {isa = PBXFileReference; lastKnownFileType = sourcecode.swift; path = RecommendedArticlesViewController.swift; sourceTree = "<group>"; };
		2D6DD59D2BB176C200F2E33B /* OnboardingViewController.swift */ = {isa = PBXFileReference; fileEncoding = 4; lastKnownFileType = sourcecode.swift; path = OnboardingViewController.swift; sourceTree = "<group>"; };
		2D6DD59F2BB1770900F2E33B /* OnboardingCollectionViewCell.swift */ = {isa = PBXFileReference; fileEncoding = 4; lastKnownFileType = sourcecode.swift; path = OnboardingCollectionViewCell.swift; sourceTree = "<group>"; };
		2D6DD5A12BB1772B00F2E33B /* OnboardingModel.swift */ = {isa = PBXFileReference; fileEncoding = 4; lastKnownFileType = sourcecode.swift; path = OnboardingModel.swift; sourceTree = "<group>"; };
		2D6DD5A52BB177CC00F2E33B /* CustomButtonBlue.swift */ = {isa = PBXFileReference; fileEncoding = 4; lastKnownFileType = sourcecode.swift; name = CustomButtonBlue.swift; path = "News ToDay/Custom Views/Base/CustomButtonBlue.swift"; sourceTree = SOURCE_ROOT; };
		2D6DD5A62BB177CC00F2E33B /* CustomOnboardingLabel.swift */ = {isa = PBXFileReference; fileEncoding = 4; lastKnownFileType = sourcecode.swift; name = CustomOnboardingLabel.swift; path = "News ToDay/Custom Views/Base/CustomOnboardingLabel.swift"; sourceTree = SOURCE_ROOT; };
		2D6DD5A92BB178B200F2E33B /* OnboardingView.swift */ = {isa = PBXFileReference; fileEncoding = 4; lastKnownFileType = sourcecode.swift; path = OnboardingView.swift; sourceTree = "<group>"; };
		2D6DD5AB2BB179B200F2E33B /* UIFond+Extensions.swift */ = {isa = PBXFileReference; fileEncoding = 4; lastKnownFileType = sourcecode.swift; path = "UIFond+Extensions.swift"; sourceTree = "<group>"; };
		2D6DD5AC2BB179B200F2E33B /* UIColor+Extensions.swift */ = {isa = PBXFileReference; fileEncoding = 4; lastKnownFileType = sourcecode.swift; path = "UIColor+Extensions.swift"; sourceTree = "<group>"; };
		2D6DD5AF2BB17E9F00F2E33B /* CategoryGridCollectionViewCell.swift */ = {isa = PBXFileReference; lastKnownFileType = sourcecode.swift; path = CategoryGridCollectionViewCell.swift; sourceTree = "<group>"; };
		2DA7FFBF2BA8691B00B21A03 /* News ToDay.app */ = {isa = PBXFileReference; explicitFileType = wrapper.application; includeInIndex = 0; path = "News ToDay.app"; sourceTree = BUILT_PRODUCTS_DIR; };
		2DA7FFC22BA8691B00B21A03 /* AppDelegate.swift */ = {isa = PBXFileReference; lastKnownFileType = sourcecode.swift; path = AppDelegate.swift; sourceTree = "<group>"; };
		2DA7FFC42BA8691B00B21A03 /* SceneDelegate.swift */ = {isa = PBXFileReference; lastKnownFileType = sourcecode.swift; path = SceneDelegate.swift; sourceTree = "<group>"; };
		2DA7FFCB2BA8691D00B21A03 /* Assets.xcassets */ = {isa = PBXFileReference; lastKnownFileType = folder.assetcatalog; path = Assets.xcassets; sourceTree = "<group>"; };
		2DA7FFCE2BA8691D00B21A03 /* Base */ = {isa = PBXFileReference; lastKnownFileType = file.storyboard; name = Base; path = Base.lproj/LaunchScreen.storyboard; sourceTree = "<group>"; };
		2DA7FFD02BA8691D00B21A03 /* Info.plist */ = {isa = PBXFileReference; lastKnownFileType = text.plist.xml; path = Info.plist; sourceTree = "<group>"; };
		2DA7FFD62BA8765500B21A03 /* Adamina-Regular-400.ttf */ = {isa = PBXFileReference; lastKnownFileType = file; path = "Adamina-Regular-400.ttf"; sourceTree = "<group>"; };
		2DA7FFD82BA8767500B21A03 /* Inter-Regular-400.ttf */ = {isa = PBXFileReference; lastKnownFileType = file; path = "Inter-Regular-400.ttf"; sourceTree = "<group>"; };
		2DA7FFDA2BA8769F00B21A03 /* Inter-SemiBold-600.ttf */ = {isa = PBXFileReference; lastKnownFileType = file; path = "Inter-SemiBold-600.ttf"; sourceTree = "<group>"; };
		2DA7FFDC2BA876AB00B21A03 /* Inter-Bold-700.ttf */ = {isa = PBXFileReference; lastKnownFileType = file; path = "Inter-Bold-700.ttf"; sourceTree = "<group>"; };
		2DA7FFDF2BA8870E00B21A03 /* NTDTabBarController.swift */ = {isa = PBXFileReference; lastKnownFileType = sourcecode.swift; path = NTDTabBarController.swift; sourceTree = "<group>"; };
		2DDDA6422BADA24500357F44 /* NTDSearchView.swift */ = {isa = PBXFileReference; lastKnownFileType = sourcecode.swift; path = NTDSearchView.swift; sourceTree = "<group>"; };
		53499B382BADA1CF00836203 /* Terms&Conditions.swift */ = {isa = PBXFileReference; lastKnownFileType = sourcecode.swift; name = "Terms&Conditions.swift"; path = "News ToDay/Models/Terms&Conditions.swift"; sourceTree = SOURCE_ROOT; };
		53499B3A2BADA25100836203 /* TermsConditionsController.swift */ = {isa = PBXFileReference; lastKnownFileType = sourcecode.swift; path = TermsConditionsController.swift; sourceTree = "<group>"; };
		53499B3F2BADBAED00836203 /* LanguageViewController.swift */ = {isa = PBXFileReference; lastKnownFileType = sourcecode.swift; path = LanguageViewController.swift; sourceTree = "<group>"; };
		53E0E7352BB440FA00CE3E33 /* SignInViewController.swift */ = {isa = PBXFileReference; lastKnownFileType = sourcecode.swift; path = SignInViewController.swift; sourceTree = "<group>"; };
		53E0E7372BB4411600CE3E33 /* SignUpViewController.swift */ = {isa = PBXFileReference; lastKnownFileType = sourcecode.swift; path = SignUpViewController.swift; sourceTree = "<group>"; };
		83253AEF2BB1F9E000B43DC0 /* CoreDataManager.swift */ = {isa = PBXFileReference; lastKnownFileType = sourcecode.swift; path = CoreDataManager.swift; sourceTree = "<group>"; };
		83253AF22BB2003800B43DC0 /* NTDEmptyStateView.swift */ = {isa = PBXFileReference; lastKnownFileType = sourcecode.swift; path = NTDEmptyStateView.swift; sourceTree = "<group>"; };
		838EC82F2BAC6FEC004EBC4C /* BaseView.swift */ = {isa = PBXFileReference; fileEncoding = 4; lastKnownFileType = sourcecode.swift; path = BaseView.swift; sourceTree = "<group>"; };
		838EC8322BAC6FF9004EBC4C /* NewsHeaderImageView.swift */ = {isa = PBXFileReference; fileEncoding = 4; lastKnownFileType = sourcecode.swift; path = NewsHeaderImageView.swift; sourceTree = "<group>"; };
		838EC8352BAC7004004EBC4C /* PaddingLabel.swift */ = {isa = PBXFileReference; fileEncoding = 4; lastKnownFileType = sourcecode.swift; path = PaddingLabel.swift; sourceTree = "<group>"; };
		838EC8372BAC703E004EBC4C /* NetworkManager.swift */ = {isa = PBXFileReference; fileEncoding = 4; lastKnownFileType = sourcecode.swift; path = NetworkManager.swift; sourceTree = "<group>"; };
		838EC83C2BAC716C004EBC4C /* NewsHeaderTextView.swift */ = {isa = PBXFileReference; fileEncoding = 4; lastKnownFileType = sourcecode.swift; path = NewsHeaderTextView.swift; sourceTree = "<group>"; };
		838EC83F2BACB9D8004EBC4C /* UIView+Ext.swift */ = {isa = PBXFileReference; fileEncoding = 4; lastKnownFileType = sourcecode.swift; path = "UIView+Ext.swift"; sourceTree = "<group>"; };
		838EC8412BACC078004EBC4C /* NTDLabel.swift */ = {isa = PBXFileReference; lastKnownFileType = sourcecode.swift; path = NTDLabel.swift; sourceTree = "<group>"; };
		838EC8452BAEC1C6004EBC4C /* ImageLoader.swift */ = {isa = PBXFileReference; fileEncoding = 4; lastKnownFileType = sourcecode.swift; path = ImageLoader.swift; sourceTree = "<group>"; };
		838EC8472BAEC1E4004EBC4C /* ImageCache.swift */ = {isa = PBXFileReference; fileEncoding = 4; lastKnownFileType = sourcecode.swift; path = ImageCache.swift; sourceTree = "<group>"; };
		838EC8492BAEC233004EBC4C /* UIImage + ext.swift */ = {isa = PBXFileReference; fileEncoding = 4; lastKnownFileType = sourcecode.swift; path = "UIImage + ext.swift"; sourceTree = "<group>"; };
		838EC84B2BAED535004EBC4C /* UISearchBar + ext.swift */ = {isa = PBXFileReference; fileEncoding = 4; lastKnownFileType = sourcecode.swift; path = "UISearchBar + ext.swift"; sourceTree = "<group>"; };
		838EC84D2BAF1BE9004EBC4C /* UIColor+Ext.swift */ = {isa = PBXFileReference; fileEncoding = 4; lastKnownFileType = sourcecode.swift; path = "UIColor+Ext.swift"; sourceTree = "<group>"; };
		838EC8532BAF3E7A004EBC4C /* NewsViewController.swift */ = {isa = PBXFileReference; lastKnownFileType = sourcecode.swift; path = NewsViewController.swift; sourceTree = "<group>"; };
		83E5FAA52BA8B8D5003D99ED /* Constants.swift */ = {isa = PBXFileReference; lastKnownFileType = sourcecode.swift; path = Constants.swift; sourceTree = "<group>"; };
		83E5FAA82BA8BBBE003D99ED /* HomeViewController.swift */ = {isa = PBXFileReference; lastKnownFileType = sourcecode.swift; path = HomeViewController.swift; sourceTree = "<group>"; };
		83E5FAAA2BA8BBD6003D99ED /* CategoriesViewController.swift */ = {isa = PBXFileReference; lastKnownFileType = sourcecode.swift; path = CategoriesViewController.swift; sourceTree = "<group>"; };
		83E5FAAC2BA8BC17003D99ED /* BookmarksViewController.swift */ = {isa = PBXFileReference; lastKnownFileType = sourcecode.swift; path = BookmarksViewController.swift; sourceTree = "<group>"; };
		83E5FAAE2BA8BC3C003D99ED /* ProfileViewController.swift */ = {isa = PBXFileReference; lastKnownFileType = sourcecode.swift; path = ProfileViewController.swift; sourceTree = "<group>"; };
		83E5FAB12BA8BD25003D99ED /* BaseController.swift */ = {isa = PBXFileReference; fileEncoding = 4; lastKnownFileType = sourcecode.swift; path = BaseController.swift; sourceTree = "<group>"; };
		83E5FABD2BAA0F52003D99ED /* News.swift */ = {isa = PBXFileReference; lastKnownFileType = sourcecode.swift; path = News.swift; sourceTree = "<group>"; };
		83E5FAC02BAA0FA0003D99ED /* Category.swift */ = {isa = PBXFileReference; fileEncoding = 4; lastKnownFileType = sourcecode.swift; path = Category.swift; sourceTree = "<group>"; };
		83E5FAC22BAA0FA7003D99ED /* Country.swift */ = {isa = PBXFileReference; fileEncoding = 4; lastKnownFileType = sourcecode.swift; path = Country.swift; sourceTree = "<group>"; };
		83E5FAC72BAA10DD003D99ED /* Endpoint.swift */ = {isa = PBXFileReference; fileEncoding = 4; lastKnownFileType = sourcecode.swift; path = Endpoint.swift; sourceTree = "<group>"; };
		A05DB9782BB30DEA00C98209 /* FirstLaunghStorage.swift */ = {isa = PBXFileReference; fileEncoding = 4; lastKnownFileType = sourcecode.swift; path = FirstLaunghStorage.swift; sourceTree = "<group>"; };
/* End PBXFileReference section */

/* Begin PBXFrameworksBuildPhase section */
		2DA7FFBC2BA8691B00B21A03 /* Frameworks */ = {
			isa = PBXFrameworksBuildPhase;
			buildActionMask = 2147483647;
			files = (
			);
			runOnlyForDeploymentPostprocessing = 0;
		};
/* End PBXFrameworksBuildPhase section */

/* Begin PBXGroup section */
		2D05B0222BAB0F9000BFE868 /* Supplementary Views */ = {
			isa = PBXGroup;
			children = (
				2D6DD5A92BB178B200F2E33B /* OnboardingView.swift */,
				2D05B0232BAB106300BFE868 /* CollectionHeaderReusableView.swift */,
			);
			path = "Supplementary Views";
			sourceTree = "<group>";
		};
		2DA7FFB62BA8691B00B21A03 = {
			isa = PBXGroup;
			children = (
				2DA7FFC12BA8691B00B21A03 /* News ToDay */,
				2DA7FFC02BA8691B00B21A03 /* Products */,
			);
			sourceTree = "<group>";
		};
		2DA7FFC02BA8691B00B21A03 /* Products */ = {
			isa = PBXGroup;
			children = (
				2DA7FFBF2BA8691B00B21A03 /* News ToDay.app */,
			);
			name = Products;
			sourceTree = "<group>";
		};
		2DA7FFC12BA8691B00B21A03 /* News ToDay */ = {
			isa = PBXGroup;
			children = (
				83E5FABF2BAA0F92003D99ED /* Utilities */,
				83E5FABC2BAA0F45003D99ED /* Models */,
				83E5FAB92BAA0ED9003D99ED /* Managers */,
				2DA7FFEF2BA9C7E200B21A03 /* Extensions */,
				2DA7FFE12BA8872000B21A03 /* Screens */,
				2D05B0222BAB0F9000BFE868 /* Supplementary Views */,
				2DA7FFE32BA8876000B21A03 /* Custom Views */,
				83E5FAA32BA8B5CD003D99ED /* Application */,
				83E5FAA42BA8B5FC003D99ED /* Resources */,
			);
			path = "News ToDay";
			sourceTree = "<group>";
		};
		2DA7FFDE2BA876B400B21A03 /* Fonts */ = {
			isa = PBXGroup;
			children = (
				2DA7FFD62BA8765500B21A03 /* Adamina-Regular-400.ttf */,
				2DA7FFD82BA8767500B21A03 /* Inter-Regular-400.ttf */,
				2DA7FFDA2BA8769F00B21A03 /* Inter-SemiBold-600.ttf */,
				2DA7FFDC2BA876AB00B21A03 /* Inter-Bold-700.ttf */,
			);
			path = Fonts;
			sourceTree = "<group>";
		};
		2DA7FFE12BA8872000B21A03 /* Screens */ = {
			isa = PBXGroup;
			children = (
				838EC8392BAC70AB004EBC4C /* Detail screens */,
				83E5FAA82BA8BBBE003D99ED /* HomeViewController.swift */,
				83E5FAAA2BA8BBD6003D99ED /* CategoriesViewController.swift */,
				2D6DD59D2BB176C200F2E33B /* OnboardingViewController.swift */,
				83E5FAAC2BA8BC17003D99ED /* BookmarksViewController.swift */,
				83E5FAAE2BA8BC3C003D99ED /* ProfileViewController.swift */,
				53499B3A2BADA25100836203 /* TermsConditionsController.swift */,
				53499B3F2BADBAED00836203 /* LanguageViewController.swift */,
				53E0E7352BB440FA00CE3E33 /* SignInViewController.swift */,
				53E0E7372BB4411600CE3E33 /* SignUpViewController.swift */,
			);
			path = Screens;
			sourceTree = "<group>";
		};
		2DA7FFE32BA8876000B21A03 /* Custom Views */ = {
			isa = PBXGroup;
			children = (
				83253AF12BB1FF0500B43DC0 /* Views */,
				838EC83E2BACB910004EBC4C /* NewsHeaderTextView */,
				838EC8342BAC7004004EBC4C /* Labels */,
				838EC8312BAC6FF9004EBC4C /* ImageViews */,
				2DA7FFE42BA9A33C00B21A03 /* Cells */,
				83E5FAB02BA8BCC3003D99ED /* Base */,
				83E5FAA72BA8BA02003D99ED /* TabBarControllers */,
			);
			path = "Custom Views";
			sourceTree = "<group>";
		};
		2DA7FFE42BA9A33C00B21A03 /* Cells */ = {
			isa = PBXGroup;
			children = (
				2D6DD59F2BB1770900F2E33B /* OnboardingCollectionViewCell.swift */,
				2D0ED70F2BA9E6FD00DFF4DC /* PromotedArticleCollectionViewCell.swift */,
				2D0ED7132BA9E71200DFF4DC /* StandardArticleCollectionViewCell.swift */,
				2D0ED7112BA9E70B00DFF4DC /* CategoryTagCollectionViewCell.swift */,
				2D6DD5AF2BB17E9F00F2E33B /* CategoryGridCollectionViewCell.swift */,
			);
			path = Cells;
			sourceTree = "<group>";
		};
		2DA7FFEF2BA9C7E200B21A03 /* Extensions */ = {
			isa = PBXGroup;
			children = (
				2D6DD5AC2BB179B200F2E33B /* UIColor+Extensions.swift */,
				2D6DD5AB2BB179B200F2E33B /* UIFond+Extensions.swift */,
				838EC84D2BAF1BE9004EBC4C /* UIColor+Ext.swift */,
				838EC83F2BACB9D8004EBC4C /* UIView+Ext.swift */,
				838EC8492BAEC233004EBC4C /* UIImage + ext.swift */,
				838EC84B2BAED535004EBC4C /* UISearchBar + ext.swift */,
				2D3EE9502BB2CF4200477F8B /* UserDefaults+Extensions.swift */,
			);
			path = Extensions;
			sourceTree = "<group>";
		};
		83253AF12BB1FF0500B43DC0 /* Views */ = {
			isa = PBXGroup;
			children = (
				83253AF22BB2003800B43DC0 /* NTDEmptyStateView.swift */,
			);
			path = Views;
			sourceTree = "<group>";
		};
		838EC8312BAC6FF9004EBC4C /* ImageViews */ = {
			isa = PBXGroup;
			children = (
				838EC8322BAC6FF9004EBC4C /* NewsHeaderImageView.swift */,
			);
			path = ImageViews;
			sourceTree = "<group>";
		};
		838EC8342BAC7004004EBC4C /* Labels */ = {
			isa = PBXGroup;
			children = (
				838EC8352BAC7004004EBC4C /* PaddingLabel.swift */,
				838EC8412BACC078004EBC4C /* NTDLabel.swift */,
			);
			path = Labels;
			sourceTree = "<group>";
		};
		838EC8392BAC70AB004EBC4C /* Detail screens */ = {
			isa = PBXGroup;
			children = (
				838EC8532BAF3E7A004EBC4C /* NewsViewController.swift */,
				2D3EE9522BB30AF800477F8B /* RecommendedArticlesViewController.swift */,
			);
			path = "Detail screens";
			sourceTree = "<group>";
		};
		838EC83E2BACB910004EBC4C /* NewsHeaderTextView */ = {
			isa = PBXGroup;
			children = (
				838EC83C2BAC716C004EBC4C /* NewsHeaderTextView.swift */,
			);
			path = NewsHeaderTextView;
			sourceTree = "<group>";
		};
		83E5FAA32BA8B5CD003D99ED /* Application */ = {
			isa = PBXGroup;
			children = (
				2DA7FFC22BA8691B00B21A03 /* AppDelegate.swift */,
				2DA7FFC42BA8691B00B21A03 /* SceneDelegate.swift */,
				2DA7FFCD2BA8691D00B21A03 /* LaunchScreen.storyboard */,
				2DA7FFD02BA8691D00B21A03 /* Info.plist */,
			);
			path = Application;
			sourceTree = "<group>";
		};
		83E5FAA42BA8B5FC003D99ED /* Resources */ = {
			isa = PBXGroup;
			children = (
				2DA7FFDE2BA876B400B21A03 /* Fonts */,
				2DA7FFCB2BA8691D00B21A03 /* Assets.xcassets */,
				83E5FAA52BA8B8D5003D99ED /* Constants.swift */,
			);
			path = Resources;
			sourceTree = "<group>";
		};
		83E5FAA72BA8BA02003D99ED /* TabBarControllers */ = {
			isa = PBXGroup;
			children = (
				2DA7FFDF2BA8870E00B21A03 /* NTDTabBarController.swift */,
				2DDDA6422BADA24500357F44 /* NTDSearchView.swift */,
			);
			path = TabBarControllers;
			sourceTree = "<group>";
		};
		83E5FAB02BA8BCC3003D99ED /* Base */ = {
			isa = PBXGroup;
			children = (
				2D6DD5A52BB177CC00F2E33B /* CustomButtonBlue.swift */,
				2D6DD5A62BB177CC00F2E33B /* CustomOnboardingLabel.swift */,
				838EC82F2BAC6FEC004EBC4C /* BaseView.swift */,
				83E5FAB12BA8BD25003D99ED /* BaseController.swift */,
			);
			path = Base;
			sourceTree = "<group>";
		};
		83E5FAB92BAA0ED9003D99ED /* Managers */ = {
			isa = PBXGroup;
			children = (
				A05DB9782BB30DEA00C98209 /* FirstLaunghStorage.swift */,
				838EC8372BAC703E004EBC4C /* NetworkManager.swift */,
				83253AEF2BB1F9E000B43DC0 /* CoreDataManager.swift */,
			);
			path = Managers;
			sourceTree = "<group>";
		};
		83E5FABC2BAA0F45003D99ED /* Models */ = {
			isa = PBXGroup;
			children = (
				2D6DD5A12BB1772B00F2E33B /* OnboardingModel.swift */,
				83E5FABD2BAA0F52003D99ED /* News.swift */,
				53499B382BADA1CF00836203 /* Terms&Conditions.swift */,
				2D2660602BB1DE9900D3F26D /* CollectionItem.swift */,
			);
			path = Models;
			sourceTree = "<group>";
		};
		83E5FABF2BAA0F92003D99ED /* Utilities */ = {
			isa = PBXGroup;
			children = (
				838EC8472BAEC1E4004EBC4C /* ImageCache.swift */,
				838EC8452BAEC1C6004EBC4C /* ImageLoader.swift */,
				83E5FAC72BAA10DD003D99ED /* Endpoint.swift */,
				83E5FAC02BAA0FA0003D99ED /* Category.swift */,
				83E5FAC22BAA0FA7003D99ED /* Country.swift */,
			);
			path = Utilities;
			sourceTree = "<group>";
		};
/* End PBXGroup section */

/* Begin PBXNativeTarget section */
		2DA7FFBE2BA8691B00B21A03 /* News ToDay */ = {
			isa = PBXNativeTarget;
			buildConfigurationList = 2DA7FFD32BA8691D00B21A03 /* Build configuration list for PBXNativeTarget "News ToDay" */;
			buildPhases = (
				2DA7FFBB2BA8691B00B21A03 /* Sources */,
				2DA7FFBC2BA8691B00B21A03 /* Frameworks */,
				2DA7FFBD2BA8691B00B21A03 /* Resources */,
			);
			buildRules = (
			);
			dependencies = (
			);
			name = "News ToDay";
			productName = "News ToDay";
			productReference = 2DA7FFBF2BA8691B00B21A03 /* News ToDay.app */;
			productType = "com.apple.product-type.application";
		};
/* End PBXNativeTarget section */

/* Begin PBXProject section */
		2DA7FFB72BA8691B00B21A03 /* Project object */ = {
			isa = PBXProject;
			attributes = {
				BuildIndependentTargetsInParallel = 1;
				LastSwiftUpdateCheck = 1500;
				LastUpgradeCheck = 1500;
				TargetAttributes = {
					2DA7FFBE2BA8691B00B21A03 = {
						CreatedOnToolsVersion = 15.0;
					};
				};
			};
			buildConfigurationList = 2DA7FFBA2BA8691B00B21A03 /* Build configuration list for PBXProject "News ToDay" */;
			compatibilityVersion = "Xcode 14.0";
			developmentRegion = en;
			hasScannedForEncodings = 0;
			knownRegions = (
				en,
				Base,
			);
			mainGroup = 2DA7FFB62BA8691B00B21A03;
			productRefGroup = 2DA7FFC02BA8691B00B21A03 /* Products */;
			projectDirPath = "";
			projectRoot = "";
			targets = (
				2DA7FFBE2BA8691B00B21A03 /* News ToDay */,
			);
		};
/* End PBXProject section */

/* Begin PBXResourcesBuildPhase section */
		2DA7FFBD2BA8691B00B21A03 /* Resources */ = {
			isa = PBXResourcesBuildPhase;
			buildActionMask = 2147483647;
			files = (
				2DA7FFDD2BA876AB00B21A03 /* Inter-Bold-700.ttf in Resources */,
				2DA7FFCF2BA8691D00B21A03 /* LaunchScreen.storyboard in Resources */,
				2DA7FFCC2BA8691D00B21A03 /* Assets.xcassets in Resources */,
				2DA7FFD92BA8767500B21A03 /* Inter-Regular-400.ttf in Resources */,
				2DA7FFDB2BA876A000B21A03 /* Inter-SemiBold-600.ttf in Resources */,
				2DA7FFD72BA8765600B21A03 /* Adamina-Regular-400.ttf in Resources */,
			);
			runOnlyForDeploymentPostprocessing = 0;
		};
/* End PBXResourcesBuildPhase section */

/* Begin PBXSourcesBuildPhase section */
		2DA7FFBB2BA8691B00B21A03 /* Sources */ = {
			isa = PBXSourcesBuildPhase;
			buildActionMask = 2147483647;
			files = (
				83E5FAC82BAA10DD003D99ED /* Endpoint.swift in Sources */,
				2D3EE9512BB2CF4200477F8B /* UserDefaults+Extensions.swift in Sources */,
				838EC8542BAF3E7A004EBC4C /* NewsViewController.swift in Sources */,
				2D3EE9532BB30AF800477F8B /* RecommendedArticlesViewController.swift in Sources */,
				83E5FAAD2BA8BC17003D99ED /* BookmarksViewController.swift in Sources */,
				2D6DD5AD2BB179B200F2E33B /* UIFond+Extensions.swift in Sources */,
				83E5FAB22BA8BD25003D99ED /* BaseController.swift in Sources */,
				838EC8382BAC703E004EBC4C /* NetworkManager.swift in Sources */,
				A05DB9792BB30DEA00C98209 /* FirstLaunghStorage.swift in Sources */,
				83E5FAA92BA8BBBE003D99ED /* HomeViewController.swift in Sources */,
				838EC84C2BAED535004EBC4C /* UISearchBar + ext.swift in Sources */,
				838EC8482BAEC1E4004EBC4C /* ImageCache.swift in Sources */,
				53499B3B2BADA25100836203 /* TermsConditionsController.swift in Sources */,
				2DDDA6432BADA24500357F44 /* NTDSearchView.swift in Sources */,
				2DA7FFC32BA8691B00B21A03 /* AppDelegate.swift in Sources */,
				83E5FAC32BAA0FA7003D99ED /* Country.swift in Sources */,
				838EC8422BACC078004EBC4C /* NTDLabel.swift in Sources */,
				2D6DD5A72BB177CC00F2E33B /* CustomButtonBlue.swift in Sources */,
				83E5FAAB2BA8BBD6003D99ED /* CategoriesViewController.swift in Sources */,
				2D6DD5B02BB17E9F00F2E33B /* CategoryGridCollectionViewCell.swift in Sources */,
				838EC8402BACB9D8004EBC4C /* UIView+Ext.swift in Sources */,
				83253AF02BB1F9E000B43DC0 /* CoreDataManager.swift in Sources */,
				2DA7FFE02BA8870E00B21A03 /* NTDTabBarController.swift in Sources */,
				83253AF32BB2003800B43DC0 /* NTDEmptyStateView.swift in Sources */,
				53499B402BADBAED00836203 /* LanguageViewController.swift in Sources */,
				838EC84A2BAEC233004EBC4C /* UIImage + ext.swift in Sources */,
				2D6DD5AE2BB179B200F2E33B /* UIColor+Extensions.swift in Sources */,
				2DA7FFC52BA8691B00B21A03 /* SceneDelegate.swift in Sources */,
				2D6DD5AA2BB178B200F2E33B /* OnboardingView.swift in Sources */,
				2D0ED7122BA9E70B00DFF4DC /* CategoryTagCollectionViewCell.swift in Sources */,
				2D2660612BB1DE9900D3F26D /* CollectionItem.swift in Sources */,
				53499B392BADA1CF00836203 /* Terms&Conditions.swift in Sources */,
				53E0E7382BB4411600CE3E33 /* SignUpViewController.swift in Sources */,
				2D0ED7102BA9E6FE00DFF4DC /* PromotedArticleCollectionViewCell.swift in Sources */,
				2D6DD59E2BB176C200F2E33B /* OnboardingViewController.swift in Sources */,
				83E5FAAF2BA8BC3C003D99ED /* ProfileViewController.swift in Sources */,
				83E5FABE2BAA0F52003D99ED /* News.swift in Sources */,
				2D6DD5A82BB177CC00F2E33B /* CustomOnboardingLabel.swift in Sources */,
				2D6DD5A02BB1770900F2E33B /* OnboardingCollectionViewCell.swift in Sources */,
				838EC84E2BAF1BE9004EBC4C /* UIColor+Ext.swift in Sources */,
				83E5FAA62BA8B8D5003D99ED /* Constants.swift in Sources */,
				838EC83D2BAC716C004EBC4C /* NewsHeaderTextView.swift in Sources */,
				838EC8362BAC7004004EBC4C /* PaddingLabel.swift in Sources */,
				83E5FAC12BAA0FA0003D99ED /* Category.swift in Sources */,
				838EC8332BAC6FF9004EBC4C /* NewsHeaderImageView.swift in Sources */,
				53E0E7362BB440FA00CE3E33 /* SignInViewController.swift in Sources */,
				838EC8302BAC6FEC004EBC4C /* BaseView.swift in Sources */,
				2D0ED7142BA9E71300DFF4DC /* StandardArticleCollectionViewCell.swift in Sources */,
				838EC8462BAEC1C6004EBC4C /* ImageLoader.swift in Sources */,
				2D6DD5A22BB1772B00F2E33B /* OnboardingModel.swift in Sources */,
				83E5FAC12BAA0FA0003D99ED /* Category.swift in Sources */,
				2D0ED7142BA9E71300DFF4DC /* StandardArticleCollectionViewCell.swift in Sources */,
				2D05B0242BAB106300BFE868 /* CollectionHeaderReusableView.swift in Sources */,
			);
			runOnlyForDeploymentPostprocessing = 0;
		};
/* End PBXSourcesBuildPhase section */

/* Begin PBXVariantGroup section */
		2DA7FFCD2BA8691D00B21A03 /* LaunchScreen.storyboard */ = {
			isa = PBXVariantGroup;
			children = (
				2DA7FFCE2BA8691D00B21A03 /* Base */,
			);
			name = LaunchScreen.storyboard;
			sourceTree = "<group>";
		};
/* End PBXVariantGroup section */

/* Begin XCBuildConfiguration section */
		2DA7FFD12BA8691D00B21A03 /* Debug */ = {
			isa = XCBuildConfiguration;
			buildSettings = {
				ALWAYS_SEARCH_USER_PATHS = NO;
				ASSETCATALOG_COMPILER_GENERATE_SWIFT_ASSET_SYMBOL_EXTENSIONS = YES;
				CLANG_ANALYZER_NONNULL = YES;
				CLANG_ANALYZER_NUMBER_OBJECT_CONVERSION = YES_AGGRESSIVE;
				CLANG_CXX_LANGUAGE_STANDARD = "gnu++20";
				CLANG_ENABLE_MODULES = YES;
				CLANG_ENABLE_OBJC_ARC = YES;
				CLANG_ENABLE_OBJC_WEAK = YES;
				CLANG_WARN_BLOCK_CAPTURE_AUTORELEASING = YES;
				CLANG_WARN_BOOL_CONVERSION = YES;
				CLANG_WARN_COMMA = YES;
				CLANG_WARN_CONSTANT_CONVERSION = YES;
				CLANG_WARN_DEPRECATED_OBJC_IMPLEMENTATIONS = YES;
				CLANG_WARN_DIRECT_OBJC_ISA_USAGE = YES_ERROR;
				CLANG_WARN_DOCUMENTATION_COMMENTS = YES;
				CLANG_WARN_EMPTY_BODY = YES;
				CLANG_WARN_ENUM_CONVERSION = YES;
				CLANG_WARN_INFINITE_RECURSION = YES;
				CLANG_WARN_INT_CONVERSION = YES;
				CLANG_WARN_NON_LITERAL_NULL_CONVERSION = YES;
				CLANG_WARN_OBJC_IMPLICIT_RETAIN_SELF = YES;
				CLANG_WARN_OBJC_LITERAL_CONVERSION = YES;
				CLANG_WARN_OBJC_ROOT_CLASS = YES_ERROR;
				CLANG_WARN_QUOTED_INCLUDE_IN_FRAMEWORK_HEADER = YES;
				CLANG_WARN_RANGE_LOOP_ANALYSIS = YES;
				CLANG_WARN_STRICT_PROTOTYPES = YES;
				CLANG_WARN_SUSPICIOUS_MOVE = YES;
				CLANG_WARN_UNGUARDED_AVAILABILITY = YES_AGGRESSIVE;
				CLANG_WARN_UNREACHABLE_CODE = YES;
				CLANG_WARN__DUPLICATE_METHOD_MATCH = YES;
				COPY_PHASE_STRIP = NO;
				DEBUG_INFORMATION_FORMAT = dwarf;
				ENABLE_STRICT_OBJC_MSGSEND = YES;
				ENABLE_TESTABILITY = YES;
				ENABLE_USER_SCRIPT_SANDBOXING = YES;
				GCC_C_LANGUAGE_STANDARD = gnu17;
				GCC_DYNAMIC_NO_PIC = NO;
				GCC_NO_COMMON_BLOCKS = YES;
				GCC_OPTIMIZATION_LEVEL = 0;
				GCC_PREPROCESSOR_DEFINITIONS = (
					"DEBUG=1",
					"$(inherited)",
				);
				GCC_WARN_64_TO_32_BIT_CONVERSION = YES;
				GCC_WARN_ABOUT_RETURN_TYPE = YES_ERROR;
				GCC_WARN_UNDECLARED_SELECTOR = YES;
				GCC_WARN_UNINITIALIZED_AUTOS = YES_AGGRESSIVE;
				GCC_WARN_UNUSED_FUNCTION = YES;
				GCC_WARN_UNUSED_VARIABLE = YES;
				IPHONEOS_DEPLOYMENT_TARGET = 17.0;
				LOCALIZATION_PREFERS_STRING_CATALOGS = YES;
				MTL_ENABLE_DEBUG_INFO = INCLUDE_SOURCE;
				MTL_FAST_MATH = YES;
				ONLY_ACTIVE_ARCH = YES;
				SDKROOT = iphoneos;
				SWIFT_ACTIVE_COMPILATION_CONDITIONS = "DEBUG $(inherited)";
				SWIFT_OPTIMIZATION_LEVEL = "-Onone";
			};
			name = Debug;
		};
		2DA7FFD22BA8691D00B21A03 /* Release */ = {
			isa = XCBuildConfiguration;
			buildSettings = {
				ALWAYS_SEARCH_USER_PATHS = NO;
				ASSETCATALOG_COMPILER_GENERATE_SWIFT_ASSET_SYMBOL_EXTENSIONS = YES;
				CLANG_ANALYZER_NONNULL = YES;
				CLANG_ANALYZER_NUMBER_OBJECT_CONVERSION = YES_AGGRESSIVE;
				CLANG_CXX_LANGUAGE_STANDARD = "gnu++20";
				CLANG_ENABLE_MODULES = YES;
				CLANG_ENABLE_OBJC_ARC = YES;
				CLANG_ENABLE_OBJC_WEAK = YES;
				CLANG_WARN_BLOCK_CAPTURE_AUTORELEASING = YES;
				CLANG_WARN_BOOL_CONVERSION = YES;
				CLANG_WARN_COMMA = YES;
				CLANG_WARN_CONSTANT_CONVERSION = YES;
				CLANG_WARN_DEPRECATED_OBJC_IMPLEMENTATIONS = YES;
				CLANG_WARN_DIRECT_OBJC_ISA_USAGE = YES_ERROR;
				CLANG_WARN_DOCUMENTATION_COMMENTS = YES;
				CLANG_WARN_EMPTY_BODY = YES;
				CLANG_WARN_ENUM_CONVERSION = YES;
				CLANG_WARN_INFINITE_RECURSION = YES;
				CLANG_WARN_INT_CONVERSION = YES;
				CLANG_WARN_NON_LITERAL_NULL_CONVERSION = YES;
				CLANG_WARN_OBJC_IMPLICIT_RETAIN_SELF = YES;
				CLANG_WARN_OBJC_LITERAL_CONVERSION = YES;
				CLANG_WARN_OBJC_ROOT_CLASS = YES_ERROR;
				CLANG_WARN_QUOTED_INCLUDE_IN_FRAMEWORK_HEADER = YES;
				CLANG_WARN_RANGE_LOOP_ANALYSIS = YES;
				CLANG_WARN_STRICT_PROTOTYPES = YES;
				CLANG_WARN_SUSPICIOUS_MOVE = YES;
				CLANG_WARN_UNGUARDED_AVAILABILITY = YES_AGGRESSIVE;
				CLANG_WARN_UNREACHABLE_CODE = YES;
				CLANG_WARN__DUPLICATE_METHOD_MATCH = YES;
				COPY_PHASE_STRIP = NO;
				DEBUG_INFORMATION_FORMAT = "dwarf-with-dsym";
				ENABLE_NS_ASSERTIONS = NO;
				ENABLE_STRICT_OBJC_MSGSEND = YES;
				ENABLE_USER_SCRIPT_SANDBOXING = YES;
				GCC_C_LANGUAGE_STANDARD = gnu17;
				GCC_NO_COMMON_BLOCKS = YES;
				GCC_WARN_64_TO_32_BIT_CONVERSION = YES;
				GCC_WARN_ABOUT_RETURN_TYPE = YES_ERROR;
				GCC_WARN_UNDECLARED_SELECTOR = YES;
				GCC_WARN_UNINITIALIZED_AUTOS = YES_AGGRESSIVE;
				GCC_WARN_UNUSED_FUNCTION = YES;
				GCC_WARN_UNUSED_VARIABLE = YES;
				IPHONEOS_DEPLOYMENT_TARGET = 17.0;
				LOCALIZATION_PREFERS_STRING_CATALOGS = YES;
				MTL_ENABLE_DEBUG_INFO = NO;
				MTL_FAST_MATH = YES;
				SDKROOT = iphoneos;
				SWIFT_COMPILATION_MODE = wholemodule;
				VALIDATE_PRODUCT = YES;
			};
			name = Release;
		};
		2DA7FFD42BA8691D00B21A03 /* Debug */ = {
			isa = XCBuildConfiguration;
			buildSettings = {
				ASSETCATALOG_COMPILER_APPICON_NAME = AppIcon;
				ASSETCATALOG_COMPILER_GLOBAL_ACCENT_COLOR_NAME = AccentColor;
				CODE_SIGN_STYLE = Automatic;
				CURRENT_PROJECT_VERSION = 1;
				DEVELOPMENT_TEAM = D6BK75VU2R;
				GENERATE_INFOPLIST_FILE = YES;
				INFOPLIST_FILE = "News ToDay/Application/Info.plist";
				INFOPLIST_KEY_LSApplicationCategoryType = "public.app-category.news";
				INFOPLIST_KEY_UIApplicationSupportsIndirectInputEvents = YES;
				INFOPLIST_KEY_UILaunchStoryboardName = LaunchScreen;
				INFOPLIST_KEY_UISupportedInterfaceOrientations = UIInterfaceOrientationPortrait;
				INFOPLIST_KEY_UISupportedInterfaceOrientations_iPad = "UIInterfaceOrientationLandscapeLeft UIInterfaceOrientationLandscapeRight UIInterfaceOrientationPortrait UIInterfaceOrientationPortraitUpsideDown";
				IPHONEOS_DEPLOYMENT_TARGET = 15.0;
				LD_RUNPATH_SEARCH_PATHS = (
					"$(inherited)",
					"@executable_path/Frameworks",
				);
				MARKETING_VERSION = 1.0;
				PRODUCT_BUNDLE_IDENTIFIER = "com.paddubny.News-ToDay";
				PRODUCT_NAME = "$(TARGET_NAME)";
				SUPPORTED_PLATFORMS = "iphoneos iphonesimulator";
				SUPPORTS_MACCATALYST = NO;
				SUPPORTS_MAC_DESIGNED_FOR_IPHONE_IPAD = NO;
				SWIFT_EMIT_LOC_STRINGS = YES;
				SWIFT_VERSION = 5.0;
				TARGETED_DEVICE_FAMILY = 1;
			};
			name = Debug;
		};
		2DA7FFD52BA8691D00B21A03 /* Release */ = {
			isa = XCBuildConfiguration;
			buildSettings = {
				ASSETCATALOG_COMPILER_APPICON_NAME = AppIcon;
				ASSETCATALOG_COMPILER_GLOBAL_ACCENT_COLOR_NAME = AccentColor;
				CODE_SIGN_STYLE = Automatic;
				CURRENT_PROJECT_VERSION = 1;
				DEVELOPMENT_TEAM = D6BK75VU2R;
				GENERATE_INFOPLIST_FILE = YES;
				INFOPLIST_FILE = "News ToDay/Application/Info.plist";
				INFOPLIST_KEY_LSApplicationCategoryType = "public.app-category.news";
				INFOPLIST_KEY_UIApplicationSupportsIndirectInputEvents = YES;
				INFOPLIST_KEY_UILaunchStoryboardName = LaunchScreen;
				INFOPLIST_KEY_UISupportedInterfaceOrientations = UIInterfaceOrientationPortrait;
				INFOPLIST_KEY_UISupportedInterfaceOrientations_iPad = "UIInterfaceOrientationLandscapeLeft UIInterfaceOrientationLandscapeRight UIInterfaceOrientationPortrait UIInterfaceOrientationPortraitUpsideDown";
				IPHONEOS_DEPLOYMENT_TARGET = 15.0;
				LD_RUNPATH_SEARCH_PATHS = (
					"$(inherited)",
					"@executable_path/Frameworks",
				);
				MARKETING_VERSION = 1.0;
				PRODUCT_BUNDLE_IDENTIFIER = "com.paddubny.News-ToDay";
				PRODUCT_NAME = "$(TARGET_NAME)";
				SUPPORTED_PLATFORMS = "iphoneos iphonesimulator";
				SUPPORTS_MACCATALYST = NO;
				SUPPORTS_MAC_DESIGNED_FOR_IPHONE_IPAD = NO;
				SWIFT_EMIT_LOC_STRINGS = YES;
				SWIFT_VERSION = 5.0;
				TARGETED_DEVICE_FAMILY = 1;
			};
			name = Release;
		};
/* End XCBuildConfiguration section */

/* Begin XCConfigurationList section */
		2DA7FFBA2BA8691B00B21A03 /* Build configuration list for PBXProject "News ToDay" */ = {
			isa = XCConfigurationList;
			buildConfigurations = (
				2DA7FFD12BA8691D00B21A03 /* Debug */,
				2DA7FFD22BA8691D00B21A03 /* Release */,
			);
			defaultConfigurationIsVisible = 0;
			defaultConfigurationName = Release;
		};
		2DA7FFD32BA8691D00B21A03 /* Build configuration list for PBXNativeTarget "News ToDay" */ = {
			isa = XCConfigurationList;
			buildConfigurations = (
				2DA7FFD42BA8691D00B21A03 /* Debug */,
				2DA7FFD52BA8691D00B21A03 /* Release */,
			);
			defaultConfigurationIsVisible = 0;
			defaultConfigurationName = Release;
		};
/* End XCConfigurationList section */
	};
	rootObject = 2DA7FFB72BA8691B00B21A03 /* Project object */;
}
